// !$*UTF8*$!
{
	archiveVersion = 1;
	classes = {
	};
	objectVersion = 56;
	objects = {

/* Begin PBXBuildFile section */
		FA10C5A42969B57C00925F5E /* KopilkaApp.swift in Sources */ = {isa = PBXBuildFile; fileRef = FA10C5A32969B57C00925F5E /* KopilkaApp.swift */; };
		FA10C5A62969B57C00925F5E /* ContentView.swift in Sources */ = {isa = PBXBuildFile; fileRef = FA10C5A52969B57C00925F5E /* ContentView.swift */; };
		FA10C5A82969B57F00925F5E /* Assets.xcassets in Resources */ = {isa = PBXBuildFile; fileRef = FA10C5A72969B57F00925F5E /* Assets.xcassets */; };
		FA10C5AB2969B57F00925F5E /* Preview Assets.xcassets in Resources */ = {isa = PBXBuildFile; fileRef = FA10C5AA2969B57F00925F5E /* Preview Assets.xcassets */; };
		FA10C5C62969C88900925F5E /* EditView.swift in Sources */ = {isa = PBXBuildFile; fileRef = FA10C5C52969C88900925F5E /* EditView.swift */; };
		FA10C5C82969C89300925F5E /* AddView.swift in Sources */ = {isa = PBXBuildFile; fileRef = FA10C5C72969C89300925F5E /* AddView.swift */; };
		FA10C5CA2969C89E00925F5E /* HomeView.swift in Sources */ = {isa = PBXBuildFile; fileRef = FA10C5C92969C89E00925F5E /* HomeView.swift */; };
		FA10C5CC2969C8A900925F5E /* DetailView.swift in Sources */ = {isa = PBXBuildFile; fileRef = FA10C5CB2969C8A900925F5E /* DetailView.swift */; };
		FA10C5CE2969C8B600925F5E /* SettingsView.swift in Sources */ = {isa = PBXBuildFile; fileRef = FA10C5CD2969C8B600925F5E /* SettingsView.swift */; };
		FA10C5D02969C8C700925F5E /* KopilkaModel.swift in Sources */ = {isa = PBXBuildFile; fileRef = FA10C5CF2969C8C700925F5E /* KopilkaModel.swift */; };
		FA10C5D22969C8D400925F5E /* KopilkaViewModel.swift in Sources */ = {isa = PBXBuildFile; fileRef = FA10C5D12969C8D400925F5E /* KopilkaViewModel.swift */; };
		FA10C5D42969D04200925F5E /* TabBarView.swift in Sources */ = {isa = PBXBuildFile; fileRef = FA10C5D32969D04200925F5E /* TabBarView.swift */; };
/* End PBXBuildFile section */

/* Begin PBXFileReference section */
		FA10C5A02969B57C00925F5E /* Kopilka.app */ = {isa = PBXFileReference; explicitFileType = wrapper.application; includeInIndex = 0; path = Kopilka.app; sourceTree = BUILT_PRODUCTS_DIR; };
		FA10C5A32969B57C00925F5E /* KopilkaApp.swift */ = {isa = PBXFileReference; lastKnownFileType = sourcecode.swift; path = KopilkaApp.swift; sourceTree = "<group>"; };
		FA10C5A52969B57C00925F5E /* ContentView.swift */ = {isa = PBXFileReference; lastKnownFileType = sourcecode.swift; path = ContentView.swift; sourceTree = "<group>"; };
		FA10C5A72969B57F00925F5E /* Assets.xcassets */ = {isa = PBXFileReference; lastKnownFileType = folder.assetcatalog; path = Assets.xcassets; sourceTree = "<group>"; };
		FA10C5AA2969B57F00925F5E /* Preview Assets.xcassets */ = {isa = PBXFileReference; lastKnownFileType = folder.assetcatalog; path = "Preview Assets.xcassets"; sourceTree = "<group>"; };
		FA10C5C52969C88900925F5E /* EditView.swift */ = {isa = PBXFileReference; lastKnownFileType = sourcecode.swift; path = EditView.swift; sourceTree = "<group>"; };
		FA10C5C72969C89300925F5E /* AddView.swift */ = {isa = PBXFileReference; lastKnownFileType = sourcecode.swift; path = AddView.swift; sourceTree = "<group>"; };
		FA10C5C92969C89E00925F5E /* HomeView.swift */ = {isa = PBXFileReference; lastKnownFileType = sourcecode.swift; path = HomeView.swift; sourceTree = "<group>"; };
		FA10C5CB2969C8A900925F5E /* DetailView.swift */ = {isa = PBXFileReference; lastKnownFileType = sourcecode.swift; path = DetailView.swift; sourceTree = "<group>"; };
		FA10C5CD2969C8B600925F5E /* SettingsView.swift */ = {isa = PBXFileReference; lastKnownFileType = sourcecode.swift; path = SettingsView.swift; sourceTree = "<group>"; };
		FA10C5CF2969C8C700925F5E /* KopilkaModel.swift */ = {isa = PBXFileReference; lastKnownFileType = sourcecode.swift; path = KopilkaModel.swift; sourceTree = "<group>"; };
		FA10C5D12969C8D400925F5E /* KopilkaViewModel.swift */ = {isa = PBXFileReference; lastKnownFileType = sourcecode.swift; path = KopilkaViewModel.swift; sourceTree = "<group>"; };
		FA10C5D32969D04200925F5E /* TabBarView.swift */ = {isa = PBXFileReference; lastKnownFileType = sourcecode.swift; path = TabBarView.swift; sourceTree = "<group>"; };
/* End PBXFileReference section */

/* Begin PBXFrameworksBuildPhase section */
		FA10C59D2969B57C00925F5E /* Frameworks */ = {
			isa = PBXFrameworksBuildPhase;
			buildActionMask = 2147483647;
			files = (
			);
			runOnlyForDeploymentPostprocessing = 0;
		};
/* End PBXFrameworksBuildPhase section */

/* Begin PBXGroup section */
		FA10C5972969B57C00925F5E = {
			isa = PBXGroup;
			children = (
				FA10C5A22969B57C00925F5E /* Kopilka */,
				FA10C5A12969B57C00925F5E /* Products */,
			);
			sourceTree = "<group>";
		};
		FA10C5A12969B57C00925F5E /* Products */ = {
			isa = PBXGroup;
			children = (
				FA10C5A02969B57C00925F5E /* Kopilka.app */,
			);
			name = Products;
			sourceTree = "<group>";
		};
		FA10C5A22969B57C00925F5E /* Kopilka */ = {
			isa = PBXGroup;
			children = (
				FA10C5C32969C87200925F5E /* Model */,
				FA10C5C42969C87A00925F5E /* View */,
				FA10C5A32969B57C00925F5E /* KopilkaApp.swift */,
				FA10C5A52969B57C00925F5E /* ContentView.swift */,
				FA10C5A72969B57F00925F5E /* Assets.xcassets */,
				FA10C5A92969B57F00925F5E /* Preview Content */,
			);
			path = Kopilka;
			sourceTree = "<group>";
		};
		FA10C5A92969B57F00925F5E /* Preview Content */ = {
			isa = PBXGroup;
			children = (
				FA10C5AA2969B57F00925F5E /* Preview Assets.xcassets */,
			);
			path = "Preview Content";
			sourceTree = "<group>";
		};
		FA10C5C32969C87200925F5E /* Model */ = {
			isa = PBXGroup;
			children = (
				FA10C5CF2969C8C700925F5E /* KopilkaModel.swift */,
				FA10C5D12969C8D400925F5E /* KopilkaViewModel.swift */,
			);
			path = Model;
			sourceTree = "<group>";
		};
		FA10C5C42969C87A00925F5E /* View */ = {
			isa = PBXGroup;
			children = (
				FA10C5C52969C88900925F5E /* EditView.swift */,
				FA10C5C72969C89300925F5E /* AddView.swift */,
				FA10C5C92969C89E00925F5E /* HomeView.swift */,
				FA10C5CB2969C8A900925F5E /* DetailView.swift */,
				FA10C5CD2969C8B600925F5E /* SettingsView.swift */,
				FA10C5D32969D04200925F5E /* TabBarView.swift */,
			);
			path = View;
			sourceTree = "<group>";
		};
/* End PBXGroup section */

/* Begin PBXNativeTarget section */
		FA10C59F2969B57C00925F5E /* Kopilka */ = {
			isa = PBXNativeTarget;
			buildConfigurationList = FA10C5AE2969B57F00925F5E /* Build configuration list for PBXNativeTarget "Kopilka" */;
			buildPhases = (
				FA10C59C2969B57C00925F5E /* Sources */,
				FA10C59D2969B57C00925F5E /* Frameworks */,
				FA10C59E2969B57C00925F5E /* Resources */,
			);
			buildRules = (
			);
			dependencies = (
			);
			name = Kopilka;
			productName = Kopilka;
			productReference = FA10C5A02969B57C00925F5E /* Kopilka.app */;
			productType = "com.apple.product-type.application";
		};
/* End PBXNativeTarget section */

/* Begin PBXProject section */
		FA10C5982969B57C00925F5E /* Project object */ = {
			isa = PBXProject;
			attributes = {
				BuildIndependentTargetsInParallel = 1;
				LastSwiftUpdateCheck = 1420;
				LastUpgradeCheck = 1420;
				TargetAttributes = {
					FA10C59F2969B57C00925F5E = {
						CreatedOnToolsVersion = 14.2;
					};
				};
			};
			buildConfigurationList = FA10C59B2969B57C00925F5E /* Build configuration list for PBXProject "Kopilka" */;
			compatibilityVersion = "Xcode 14.0";
			developmentRegion = en;
			hasScannedForEncodings = 0;
			knownRegions = (
				en,
				Base,
			);
			mainGroup = FA10C5972969B57C00925F5E;
			productRefGroup = FA10C5A12969B57C00925F5E /* Products */;
			projectDirPath = "";
			projectRoot = "";
			targets = (
				FA10C59F2969B57C00925F5E /* Kopilka */,
			);
		};
/* End PBXProject section */

/* Begin PBXResourcesBuildPhase section */
		FA10C59E2969B57C00925F5E /* Resources */ = {
			isa = PBXResourcesBuildPhase;
			buildActionMask = 2147483647;
			files = (
				FA10C5AB2969B57F00925F5E /* Preview Assets.xcassets in Resources */,
				FA10C5A82969B57F00925F5E /* Assets.xcassets in Resources */,
			);
			runOnlyForDeploymentPostprocessing = 0;
		};
/* End PBXResourcesBuildPhase section */

/* Begin PBXSourcesBuildPhase section */
		FA10C59C2969B57C00925F5E /* Sources */ = {
			isa = PBXSourcesBuildPhase;
			buildActionMask = 2147483647;
			files = (
				FA10C5D22969C8D400925F5E /* KopilkaViewModel.swift in Sources */,
				FA10C5CE2969C8B600925F5E /* SettingsView.swift in Sources */,
				FA10C5D02969C8C700925F5E /* KopilkaModel.swift in Sources */,
				FA10C5C82969C89300925F5E /* AddView.swift in Sources */,
				FA10C5CC2969C8A900925F5E /* DetailView.swift in Sources */,
				FA10C5A62969B57C00925F5E /* ContentView.swift in Sources */,
				FA10C5A42969B57C00925F5E /* KopilkaApp.swift in Sources */,
				FA10C5CA2969C89E00925F5E /* HomeView.swift in Sources */,
				FA10C5D42969D04200925F5E /* TabBarView.swift in Sources */,
				FA10C5C62969C88900925F5E /* EditView.swift in Sources */,
			);
			runOnlyForDeploymentPostprocessing = 0;
		};
/* End PBXSourcesBuildPhase section */

/* Begin XCBuildConfiguration section */
		FA10C5AC2969B57F00925F5E /* Debug */ = {
			isa = XCBuildConfiguration;
			buildSettings = {
				ALWAYS_SEARCH_USER_PATHS = NO;
				CLANG_ANALYZER_NONNULL = YES;
				CLANG_ANALYZER_NUMBER_OBJECT_CONVERSION = YES_AGGRESSIVE;
				CLANG_CXX_LANGUAGE_STANDARD = "gnu++20";
				CLANG_ENABLE_MODULES = YES;
				CLANG_ENABLE_OBJC_ARC = YES;
				CLANG_ENABLE_OBJC_WEAK = YES;
				CLANG_WARN_BLOCK_CAPTURE_AUTORELEASING = YES;
				CLANG_WARN_BOOL_CONVERSION = YES;
				CLANG_WARN_COMMA = YES;
				CLANG_WARN_CONSTANT_CONVERSION = YES;
				CLANG_WARN_DEPRECATED_OBJC_IMPLEMENTATIONS = YES;
				CLANG_WARN_DIRECT_OBJC_ISA_USAGE = YES_ERROR;
				CLANG_WARN_DOCUMENTATION_COMMENTS = YES;
				CLANG_WARN_EMPTY_BODY = YES;
				CLANG_WARN_ENUM_CONVERSION = YES;
				CLANG_WARN_INFINITE_RECURSION = YES;
				CLANG_WARN_INT_CONVERSION = YES;
				CLANG_WARN_NON_LITERAL_NULL_CONVERSION = YES;
				CLANG_WARN_OBJC_IMPLICIT_RETAIN_SELF = YES;
				CLANG_WARN_OBJC_LITERAL_CONVERSION = YES;
				CLANG_WARN_OBJC_ROOT_CLASS = YES_ERROR;
				CLANG_WARN_QUOTED_INCLUDE_IN_FRAMEWORK_HEADER = YES;
				CLANG_WARN_RANGE_LOOP_ANALYSIS = YES;
				CLANG_WARN_STRICT_PROTOTYPES = YES;
				CLANG_WARN_SUSPICIOUS_MOVE = YES;
				CLANG_WARN_UNGUARDED_AVAILABILITY = YES_AGGRESSIVE;
				CLANG_WARN_UNREACHABLE_CODE = YES;
				CLANG_WARN__DUPLICATE_METHOD_MATCH = YES;
				COPY_PHASE_STRIP = NO;
				DEBUG_INFORMATION_FORMAT = dwarf;
				ENABLE_STRICT_OBJC_MSGSEND = YES;
				ENABLE_TESTABILITY = YES;
				GCC_C_LANGUAGE_STANDARD = gnu11;
				GCC_DYNAMIC_NO_PIC = NO;
				GCC_NO_COMMON_BLOCKS = YES;
				GCC_OPTIMIZATION_LEVEL = 0;
				GCC_PREPROCESSOR_DEFINITIONS = (
					"DEBUG=1",
					"$(inherited)",
				);
				GCC_WARN_64_TO_32_BIT_CONVERSION = YES;
				GCC_WARN_ABOUT_RETURN_TYPE = YES_ERROR;
				GCC_WARN_UNDECLARED_SELECTOR = YES;
				GCC_WARN_UNINITIALIZED_AUTOS = YES_AGGRESSIVE;
				GCC_WARN_UNUSED_FUNCTION = YES;
				GCC_WARN_UNUSED_VARIABLE = YES;
				IPHONEOS_DEPLOYMENT_TARGET = 16.2;
				MTL_ENABLE_DEBUG_INFO = INCLUDE_SOURCE;
				MTL_FAST_MATH = YES;
				ONLY_ACTIVE_ARCH = YES;
				SDKROOT = iphoneos;
				SWIFT_ACTIVE_COMPILATION_CONDITIONS = DEBUG;
				SWIFT_OPTIMIZATION_LEVEL = "-Onone";
			};
			name = Debug;
		};
		FA10C5AD2969B57F00925F5E /* Release */ = {
			isa = XCBuildConfiguration;
			buildSettings = {
				ALWAYS_SEARCH_USER_PATHS = NO;
				CLANG_ANALYZER_NONNULL = YES;
				CLANG_ANALYZER_NUMBER_OBJECT_CONVERSION = YES_AGGRESSIVE;
				CLANG_CXX_LANGUAGE_STANDARD = "gnu++20";
				CLANG_ENABLE_MODULES = YES;
				CLANG_ENABLE_OBJC_ARC = YES;
				CLANG_ENABLE_OBJC_WEAK = YES;
				CLANG_WARN_BLOCK_CAPTURE_AUTORELEASING = YES;
				CLANG_WARN_BOOL_CONVERSION = YES;
				CLANG_WARN_COMMA = YES;
				CLANG_WARN_CONSTANT_CONVERSION = YES;
				CLANG_WARN_DEPRECATED_OBJC_IMPLEMENTATIONS = YES;
				CLANG_WARN_DIRECT_OBJC_ISA_USAGE = YES_ERROR;
				CLANG_WARN_DOCUMENTATION_COMMENTS = YES;
				CLANG_WARN_EMPTY_BODY = YES;
				CLANG_WARN_ENUM_CONVERSION = YES;
				CLANG_WARN_INFINITE_RECURSION = YES;
				CLANG_WARN_INT_CONVERSION = YES;
				CLANG_WARN_NON_LITERAL_NULL_CONVERSION = YES;
				CLANG_WARN_OBJC_IMPLICIT_RETAIN_SELF = YES;
				CLANG_WARN_OBJC_LITERAL_CONVERSION = YES;
				CLANG_WARN_OBJC_ROOT_CLASS = YES_ERROR;
				CLANG_WARN_QUOTED_INCLUDE_IN_FRAMEWORK_HEADER = YES;
				CLANG_WARN_RANGE_LOOP_ANALYSIS = YES;
				CLANG_WARN_STRICT_PROTOTYPES = YES;
				CLANG_WARN_SUSPICIOUS_MOVE = YES;
				CLANG_WARN_UNGUARDED_AVAILABILITY = YES_AGGRESSIVE;
				CLANG_WARN_UNREACHABLE_CODE = YES;
				CLANG_WARN__DUPLICATE_METHOD_MATCH = YES;
				COPY_PHASE_STRIP = NO;
				DEBUG_INFORMATION_FORMAT = "dwarf-with-dsym";
				ENABLE_NS_ASSERTIONS = NO;
				ENABLE_STRICT_OBJC_MSGSEND = YES;
				GCC_C_LANGUAGE_STANDARD = gnu11;
				GCC_NO_COMMON_BLOCKS = YES;
				GCC_WARN_64_TO_32_BIT_CONVERSION = YES;
				GCC_WARN_ABOUT_RETURN_TYPE = YES_ERROR;
				GCC_WARN_UNDECLARED_SELECTOR = YES;
				GCC_WARN_UNINITIALIZED_AUTOS = YES_AGGRESSIVE;
				GCC_WARN_UNUSED_FUNCTION = YES;
				GCC_WARN_UNUSED_VARIABLE = YES;
				IPHONEOS_DEPLOYMENT_TARGET = 16.2;
				MTL_ENABLE_DEBUG_INFO = NO;
				MTL_FAST_MATH = YES;
				SDKROOT = iphoneos;
				SWIFT_COMPILATION_MODE = wholemodule;
				SWIFT_OPTIMIZATION_LEVEL = "-O";
				VALIDATE_PRODUCT = YES;
			};
			name = Release;
		};
		FA10C5AF2969B57F00925F5E /* Debug */ = {
			isa = XCBuildConfiguration;
			buildSettings = {
				ASSETCATALOG_COMPILER_APPICON_NAME = AppIcon;
				ASSETCATALOG_COMPILER_GLOBAL_ACCENT_COLOR_NAME = AccentColor;
				CODE_SIGN_STYLE = Automatic;
				CURRENT_PROJECT_VERSION = 1;
				DEVELOPMENT_ASSET_PATHS = "\"Kopilka/Preview Content\"";
				DEVELOPMENT_TEAM = S9XKNTADD9;
				ENABLE_PREVIEWS = YES;
				GENERATE_INFOPLIST_FILE = YES;
				INFOPLIST_KEY_UIApplicationSceneManifest_Generation = YES;
				INFOPLIST_KEY_UIApplicationSupportsIndirectInputEvents = YES;
				INFOPLIST_KEY_UILaunchScreen_Generation = YES;
				INFOPLIST_KEY_UISupportedInterfaceOrientations = UIInterfaceOrientationPortrait;
				INFOPLIST_KEY_UISupportedInterfaceOrientations_iPad = "UIInterfaceOrientationLandscapeLeft UIInterfaceOrientationLandscapeRight UIInterfaceOrientationPortrait UIInterfaceOrientationPortraitUpsideDown";
				IPHONEOS_DEPLOYMENT_TARGET = 16.0;
				LD_RUNPATH_SEARCH_PATHS = (
					"$(inherited)",
					"@executable_path/Frameworks",
				);
				MARKETING_VERSION = 1.0;
				PRODUCT_BUNDLE_IDENTIFIER = AnanasCorp..Kopilka;
				PRODUCT_NAME = "$(TARGET_NAME)";
				SWIFT_EMIT_LOC_STRINGS = YES;
				SWIFT_VERSION = 5.0;
				TARGETED_DEVICE_FAMILY = "1,2";
			};
			name = Debug;
		};
		FA10C5B02969B57F00925F5E /* Release */ = {
			isa = XCBuildConfiguration;
			buildSettings = {
				ASSETCATALOG_COMPILER_APPICON_NAME = AppIcon;
				ASSETCATALOG_COMPILER_GLOBAL_ACCENT_COLOR_NAME = AccentColor;
				CODE_SIGN_STYLE = Automatic;
				CURRENT_PROJECT_VERSION = 1;
				DEVELOPMENT_ASSET_PATHS = "\"Kopilka/Preview Content\"";
				DEVELOPMENT_TEAM = S9XKNTADD9;
				ENABLE_PREVIEWS = YES;
				GENERATE_INFOPLIST_FILE = YES;
				INFOPLIST_KEY_UIApplicationSceneManifest_Generation = YES;
				INFOPLIST_KEY_UIApplicationSupportsIndirectInputEvents = YES;
				INFOPLIST_KEY_UILaunchScreen_Generation = YES;
				INFOPLIST_KEY_UISupportedInterfaceOrientations = UIInterfaceOrientationPortrait;
				INFOPLIST_KEY_UISupportedInterfaceOrientations_iPad = "UIInterfaceOrientationLandscapeLeft UIInterfaceOrientationLandscapeRight UIInterfaceOrientationPortrait UIInterfaceOrientationPortraitUpsideDown";
				IPHONEOS_DEPLOYMENT_TARGET = 16.0;
				LD_RUNPATH_SEARCH_PATHS = (
					"$(inherited)",
					"@executable_path/Frameworks",
				);
				MARKETING_VERSION = 1.0;
				PRODUCT_BUNDLE_IDENTIFIER = AnanasCorp..Kopilka;
				PRODUCT_NAME = "$(TARGET_NAME)";
				SWIFT_EMIT_LOC_STRINGS = YES;
				SWIFT_VERSION = 5.0;
				TARGETED_DEVICE_FAMILY = "1,2";
			};
			name = Release;
		};
/* End XCBuildConfiguration section */

/* Begin XCConfigurationList section */
		FA10C59B2969B57C00925F5E /* Build configuration list for PBXProject "Kopilka" */ = {
			isa = XCConfigurationList;
			buildConfigurations = (
				FA10C5AC2969B57F00925F5E /* Debug */,
				FA10C5AD2969B57F00925F5E /* Release */,
			);
			defaultConfigurationIsVisible = 0;
			defaultConfigurationName = Release;
		};
		FA10C5AE2969B57F00925F5E /* Build configuration list for PBXNativeTarget "Kopilka" */ = {
			isa = XCConfigurationList;
			buildConfigurations = (
				FA10C5AF2969B57F00925F5E /* Debug */,
				FA10C5B02969B57F00925F5E /* Release */,
			);
			defaultConfigurationIsVisible = 0;
			defaultConfigurationName = Release;
		};
/* End XCConfigurationList section */
	};
	rootObject = FA10C5982969B57C00925F5E /* Project object */;
}
